
Microsoft Visual Studio Solution File, Format Version 12.00
Project("{FAE04EC0-301F-11D3-BF4B-00C04F79EFBC}") = "Chess", "Chess\Chess.csproj", "{189695BA-963E-4592-8D65-1B9EBCC91445}"
EndProject
Project("{FAE04EC0-301F-11D3-BF4B-00C04F79EFBC}") = "ChessTests", "ChessTests\ChessTests.csproj", "{88D070EA-6D85-4568-904D-9B9A3D5D12C1}"
EndProject
Global
	GlobalSection(SolutionConfigurationPlatforms) = preSolution
		Debug|Any CPU = Debug|Any CPU
		Release|Any CPU = Release|Any CPU
	EndGlobalSection
	GlobalSection(ProjectConfigurationPlatforms) = postSolution
		{189695BA-963E-4592-8D65-1B9EBCC91445}.Debug|Any CPU.ActiveCfg = Debug|Any CPU
		{189695BA-963E-4592-8D65-1B9EBCC91445}.Debug|Any CPU.Build.0 = Debug|Any CPU
		{189695BA-963E-4592-8D65-1B9EBCC91445}.Release|Any CPU.ActiveCfg = Release|Any CPU
		{189695BA-963E-4592-8D65-1B9EBCC91445}.Release|Any CPU.Build.0 = Release|Any CPU
		{88D070EA-6D85-4568-904D-9B9A3D5D12C1}.Debug|Any CPU.ActiveCfg = Debug|Any CPU
		{88D070EA-6D85-4568-904D-9B9A3D5D12C1}.Debug|Any CPU.Build.0 = Debug|Any CPU
		{88D070EA-6D85-4568-904D-9B9A3D5D12C1}.Release|Any CPU.ActiveCfg = Release|Any CPU
		{88D070EA-6D85-4568-904D-9B9A3D5D12C1}.Release|Any CPU.Build.0 = Release|Any CPU
	EndGlobalSection
EndGlobal
